
Microsoft Visual Studio Solution File, Format Version 11.00
# Visual Studio 2010
Project("{FAE04EC0-301F-11D3-BF4B-00C04F79EFBC}") = "Assembly-CSharp", "Assembly-CSharp.csproj", "{17E530FE-64A7-A19C-8FBF-7B6EBF19D2EC}"
EndProject
Project("{FAE04EC0-301F-11D3-BF4B-00C04F79EFBC}") = "Assembly-CSharp-Editor", "Assembly-CSharp-Editor.csproj", "{223C62DB-BFCF-F16E-C7A4-50A65ED0F174}"
EndProject
Global
	GlobalSection(SolutionConfigurationPlatforms) = preSolution
		Debug|Any CPU = Debug|Any CPU
		Release|Any CPU = Release|Any CPU
	EndGlobalSection
	GlobalSection(ProjectConfigurationPlatforms) = postSolution
		{17E530FE-64A7-A19C-8FBF-7B6EBF19D2EC}.Debug|Any CPU.ActiveCfg = Debug|Any CPU
		{17E530FE-64A7-A19C-8FBF-7B6EBF19D2EC}.Debug|Any CPU.Build.0 = Debug|Any CPU
		{17E530FE-64A7-A19C-8FBF-7B6EBF19D2EC}.Release|Any CPU.ActiveCfg = Release|Any CPU
		{17E530FE-64A7-A19C-8FBF-7B6EBF19D2EC}.Release|Any CPU.Build.0 = Release|Any CPU
		{223C62DB-BFCF-F16E-C7A4-50A65ED0F174}.Debug|Any CPU.ActiveCfg = Debug|Any CPU
		{223C62DB-BFCF-F16E-C7A4-50A65ED0F174}.Debug|Any CPU.Build.0 = Debug|Any CPU
		{223C62DB-BFCF-F16E-C7A4-50A65ED0F174}.Release|Any CPU.ActiveCfg = Release|Any CPU
		{223C62DB-BFCF-F16E-C7A4-50A65ED0F174}.Release|Any CPU.Build.0 = Release|Any CPU
	EndGlobalSection
	GlobalSection(SolutionProperties) = preSolution
		HideSolutionNode = FALSE
	EndGlobalSection
EndGlobal
